// !$*UTF8*$!
{
	archiveVersion = 1;
	classes = {
	};
	objectVersion = 46;
	objects = {

/* Begin PBXBuildFile section */
		4D4F59DF176830E400E81980 /* SwitchPetsNavigationController.m in Sources */ = {isa = PBXBuildFile; fileRef = 4D4F59DD176830E400E81980 /* SwitchPetsNavigationController.m */; };
		4D4F59E4176830F900E81980 /* SwitchPetsViewController.m in Sources */ = {isa = PBXBuildFile; fileRef = 4D4F59E2176830F900E81980 /* SwitchPetsViewController.m */; };
		4D4F59E91768348F00E81980 /* PetStatusView.m in Sources */ = {isa = PBXBuildFile; fileRef = 4D4F59E81768348F00E81980 /* PetStatusView.m */; };
		4D4F59ED1768547700E81980 /* TrainingNavigationController.m in Sources */ = {isa = PBXBuildFile; fileRef = 4D4F59EB1768547700E81980 /* TrainingNavigationController.m */; };
		4D4F59F21768555E00E81980 /* TrainingViewController.m in Sources */ = {isa = PBXBuildFile; fileRef = 4D4F59F01768555E00E81980 /* TrainingViewController.m */; };
		4D4F59F61768559C00E81980 /* TrainingTableView.m in Sources */ = {isa = PBXBuildFile; fileRef = 4D4F59F51768559C00E81980 /* TrainingTableView.m */; };
		4D4F59F917685D5700E81980 /* StatusLabel.m in Sources */ = {isa = PBXBuildFile; fileRef = 4D4F59F817685D5700E81980 /* StatusLabel.m */; };
		4D4F5A00176973E000E81980 /* cat.png in Resources */ = {isa = PBXBuildFile; fileRef = 4D4F59FE176973E000E81980 /* cat.png */; };
		4D4F5A01176973E000E81980 /* dragon.png in Resources */ = {isa = PBXBuildFile; fileRef = 4D4F59FF176973E000E81980 /* dragon.png */; };
		4D4F5A051769AD8A00E81980 /* BattleNavigationController.m in Sources */ = {isa = PBXBuildFile; fileRef = 4D4F5A031769AD8A00E81980 /* BattleNavigationController.m */; };
		4D4F5A0A1769AEC000E81980 /* LeaderboardNavigationController.m in Sources */ = {isa = PBXBuildFile; fileRef = 4D4F5A081769AEC000E81980 /* LeaderboardNavigationController.m */; };
		4D4F5A101769AEFA00E81980 /* LeaderboardViewController.m in Sources */ = {isa = PBXBuildFile; fileRef = 4D4F5A0E1769AEFA00E81980 /* LeaderboardViewController.m */; };
		4D4F5A141769B06200E81980 /* BattleTableView.m in Sources */ = {isa = PBXBuildFile; fileRef = 4D4F5A131769B06200E81980 /* BattleTableView.m */; };
		4D4F5A181769B0AF00E81980 /* BattleViewController.m in Sources */ = {isa = PBXBuildFile; fileRef = 4D4F5A161769B0AE00E81980 /* BattleViewController.m */; };
		4D4F5A1D1769B2EE00E81980 /* ItemsNavigationController.m in Sources */ = {isa = PBXBuildFile; fileRef = 4D4F5A1B1769B2EE00E81980 /* ItemsNavigationController.m */; };
		4D4F5A231769B41500E81980 /* ItemsViewController.m in Sources */ = {isa = PBXBuildFile; fileRef = 4D4F5A211769B41500E81980 /* ItemsViewController.m */; };
		4D4F5A271769B43200E81980 /* ItemsTableView.m in Sources */ = {isa = PBXBuildFile; fileRef = 4D4F5A261769B43200E81980 /* ItemsTableView.m */; };
		4D4F5A2A1769B44E00E81980 /* ItemsNavigationScrollView.m in Sources */ = {isa = PBXBuildFile; fileRef = 4D4F5A291769B44E00E81980 /* ItemsNavigationScrollView.m */; };
		4D9402061766E51D00898DCF /* UIKit.framework in Frameworks */ = {isa = PBXBuildFile; fileRef = 4D9402051766E51D00898DCF /* UIKit.framework */; };
		4D9402081766E51D00898DCF /* Foundation.framework in Frameworks */ = {isa = PBXBuildFile; fileRef = 4D9402071766E51D00898DCF /* Foundation.framework */; };
		4D94020A1766E51D00898DCF /* CoreGraphics.framework in Frameworks */ = {isa = PBXBuildFile; fileRef = 4D9402091766E51D00898DCF /* CoreGraphics.framework */; };
		4D9402101766E51D00898DCF /* InfoPlist.strings in Resources */ = {isa = PBXBuildFile; fileRef = 4D94020E1766E51D00898DCF /* InfoPlist.strings */; };
		4D9402121766E51D00898DCF /* main.m in Sources */ = {isa = PBXBuildFile; fileRef = 4D9402111766E51D00898DCF /* main.m */; };
		4D9402161766E51D00898DCF /* AppDelegate.m in Sources */ = {isa = PBXBuildFile; fileRef = 4D9402151766E51D00898DCF /* AppDelegate.m */; };
		4D9402181766E51D00898DCF /* Default.png in Resources */ = {isa = PBXBuildFile; fileRef = 4D9402171766E51D00898DCF /* Default.png */; };
		4D94021A1766E51D00898DCF /* Default@2x.png in Resources */ = {isa = PBXBuildFile; fileRef = 4D9402191766E51D00898DCF /* Default@2x.png */; };
		4D94021C1766E51D00898DCF /* Default-568h@2x.png in Resources */ = {isa = PBXBuildFile; fileRef = 4D94021B1766E51D00898DCF /* Default-568h@2x.png */; };
		4D9402211766E51D00898DCF /* first.png in Resources */ = {isa = PBXBuildFile; fileRef = 4D9402201766E51D00898DCF /* first.png */; };
		4D9402231766E51D00898DCF /* first@2x.png in Resources */ = {isa = PBXBuildFile; fileRef = 4D9402221766E51D00898DCF /* first@2x.png */; };
		4D9402281766E51D00898DCF /* second.png in Resources */ = {isa = PBXBuildFile; fileRef = 4D9402271766E51D00898DCF /* second.png */; };
		4D94022A1766E51D00898DCF /* second@2x.png in Resources */ = {isa = PBXBuildFile; fileRef = 4D9402291766E51D00898DCF /* second@2x.png */; };
		4D9402381766E51D00898DCF /* SenTestingKit.framework in Frameworks */ = {isa = PBXBuildFile; fileRef = 4D9402371766E51D00898DCF /* SenTestingKit.framework */; };
		4D9402391766E51D00898DCF /* UIKit.framework in Frameworks */ = {isa = PBXBuildFile; fileRef = 4D9402051766E51D00898DCF /* UIKit.framework */; };
		4D94023A1766E51D00898DCF /* Foundation.framework in Frameworks */ = {isa = PBXBuildFile; fileRef = 4D9402071766E51D00898DCF /* Foundation.framework */; };
		4D9402421766E51D00898DCF /* InfoPlist.strings in Resources */ = {isa = PBXBuildFile; fileRef = 4D9402401766E51D00898DCF /* InfoPlist.strings */; };
		4D9402451766E51D00898DCF /* PetsAllianceTests.m in Sources */ = {isa = PBXBuildFile; fileRef = 4D9402441766E51D00898DCF /* PetsAllianceTests.m */; };
		4D94025B1766E63400898DCF /* MyPetViewController.m in Sources */ = {isa = PBXBuildFile; fileRef = 4D9402591766E63400898DCF /* MyPetViewController.m */; };
		4D9402661766E88B00898DCF /* TheMasterViewController.m in Sources */ = {isa = PBXBuildFile; fileRef = 4D9402641766E88B00898DCF /* TheMasterViewController.m */; };
		4D94026B1766E89800898DCF /* NavigatorViewController.m in Sources */ = {isa = PBXBuildFile; fileRef = 4D9402691766E89800898DCF /* NavigatorViewController.m */; };
		4DFD49391767142300EEAFA7 /* MyPetNavigationController.m in Sources */ = {isa = PBXBuildFile; fileRef = 4DFD49371767142300EEAFA7 /* MyPetNavigationController.m */; };
		4DFD493E1767144000EEAFA7 /* HelpNavigationController.m in Sources */ = {isa = PBXBuildFile; fileRef = 4DFD493C1767144000EEAFA7 /* HelpNavigationController.m */; };
		4DFD49431767144F00EEAFA7 /* HelpViewController.m in Sources */ = {isa = PBXBuildFile; fileRef = 4DFD49411767144E00EEAFA7 /* HelpViewController.m */; };
		F713AD5B92C5487781B1D33C /* libPods.a in Frameworks */ = {isa = PBXBuildFile; fileRef = E48D5C73D21F4318BA08DD1F /* libPods.a */; };
/* End PBXBuildFile section */

/* Begin PBXContainerItemProxy section */
		4D94023B1766E51D00898DCF /* PBXContainerItemProxy */ = {
			isa = PBXContainerItemProxy;
			containerPortal = 4D9401FA1766E51D00898DCF /* Project object */;
			proxyType = 1;
			remoteGlobalIDString = 4D9402011766E51D00898DCF;
			remoteInfo = PetsAlliance;
		};
/* End PBXContainerItemProxy section */

/* Begin PBXFileReference section */
		2B13AD4A5B084F8897E72219 /* Pods.xcconfig */ = {isa = PBXFileReference; includeInIndex = 1; lastKnownFileType = text.xcconfig; name = Pods.xcconfig; path = Pods/Pods.xcconfig; sourceTree = SOURCE_ROOT; };
		4D4F59DC176830E400E81980 /* SwitchPetsNavigationController.h */ = {isa = PBXFileReference; fileEncoding = 4; lastKnownFileType = sourcecode.c.h; path = SwitchPetsNavigationController.h; sourceTree = "<group>"; };
		4D4F59DD176830E400E81980 /* SwitchPetsNavigationController.m */ = {isa = PBXFileReference; fileEncoding = 4; lastKnownFileType = sourcecode.c.objc; path = SwitchPetsNavigationController.m; sourceTree = "<group>"; };
		4D4F59E1176830F900E81980 /* SwitchPetsViewController.h */ = {isa = PBXFileReference; fileEncoding = 4; lastKnownFileType = sourcecode.c.h; path = SwitchPetsViewController.h; sourceTree = "<group>"; };
		4D4F59E2176830F900E81980 /* SwitchPetsViewController.m */ = {isa = PBXFileReference; fileEncoding = 4; lastKnownFileType = sourcecode.c.objc; path = SwitchPetsViewController.m; sourceTree = "<group>"; };
		4D4F59E71768348F00E81980 /* PetStatusView.h */ = {isa = PBXFileReference; fileEncoding = 4; lastKnownFileType = sourcecode.c.h; path = PetStatusView.h; sourceTree = "<group>"; };
		4D4F59E81768348F00E81980 /* PetStatusView.m */ = {isa = PBXFileReference; fileEncoding = 4; lastKnownFileType = sourcecode.c.objc; path = PetStatusView.m; sourceTree = "<group>"; };
		4D4F59EA1768547700E81980 /* TrainingNavigationController.h */ = {isa = PBXFileReference; fileEncoding = 4; lastKnownFileType = sourcecode.c.h; path = TrainingNavigationController.h; sourceTree = "<group>"; };
		4D4F59EB1768547700E81980 /* TrainingNavigationController.m */ = {isa = PBXFileReference; fileEncoding = 4; lastKnownFileType = sourcecode.c.objc; path = TrainingNavigationController.m; sourceTree = "<group>"; };
		4D4F59EF1768555E00E81980 /* TrainingViewController.h */ = {isa = PBXFileReference; fileEncoding = 4; lastKnownFileType = sourcecode.c.h; path = TrainingViewController.h; sourceTree = "<group>"; };
		4D4F59F01768555E00E81980 /* TrainingViewController.m */ = {isa = PBXFileReference; fileEncoding = 4; lastKnownFileType = sourcecode.c.objc; path = TrainingViewController.m; sourceTree = "<group>"; };
		4D4F59F41768559C00E81980 /* TrainingTableView.h */ = {isa = PBXFileReference; fileEncoding = 4; lastKnownFileType = sourcecode.c.h; path = TrainingTableView.h; sourceTree = "<group>"; };
		4D4F59F51768559C00E81980 /* TrainingTableView.m */ = {isa = PBXFileReference; fileEncoding = 4; lastKnownFileType = sourcecode.c.objc; path = TrainingTableView.m; sourceTree = "<group>"; };
		4D4F59F717685D5700E81980 /* StatusLabel.h */ = {isa = PBXFileReference; fileEncoding = 4; lastKnownFileType = sourcecode.c.h; path = StatusLabel.h; sourceTree = "<group>"; };
		4D4F59F817685D5700E81980 /* StatusLabel.m */ = {isa = PBXFileReference; fileEncoding = 4; lastKnownFileType = sourcecode.c.objc; path = StatusLabel.m; sourceTree = "<group>"; };
		4D4F59FE176973E000E81980 /* cat.png */ = {isa = PBXFileReference; lastKnownFileType = image.png; name = cat.png; path = PetsAlliance/MyPet/Images/cat.png; sourceTree = SOURCE_ROOT; };
		4D4F59FF176973E000E81980 /* dragon.png */ = {isa = PBXFileReference; lastKnownFileType = image.png; name = dragon.png; path = MyPet/Images/dragon.png; sourceTree = "<group>"; };
		4D4F5A021769AD8A00E81980 /* BattleNavigationController.h */ = {isa = PBXFileReference; fileEncoding = 4; lastKnownFileType = sourcecode.c.h; path = BattleNavigationController.h; sourceTree = "<group>"; };
		4D4F5A031769AD8A00E81980 /* BattleNavigationController.m */ = {isa = PBXFileReference; fileEncoding = 4; lastKnownFileType = sourcecode.c.objc; path = BattleNavigationController.m; sourceTree = "<group>"; };
		4D4F5A071769AEC000E81980 /* LeaderboardNavigationController.h */ = {isa = PBXFileReference; fileEncoding = 4; lastKnownFileType = sourcecode.c.h; path = LeaderboardNavigationController.h; sourceTree = "<group>"; };
		4D4F5A081769AEC000E81980 /* LeaderboardNavigationController.m */ = {isa = PBXFileReference; fileEncoding = 4; lastKnownFileType = sourcecode.c.objc; path = LeaderboardNavigationController.m; sourceTree = "<group>"; };
		4D4F5A0D1769AEFA00E81980 /* LeaderboardViewController.h */ = {isa = PBXFileReference; fileEncoding = 4; lastKnownFileType = sourcecode.c.h; path = LeaderboardViewController.h; sourceTree = "<group>"; };
		4D4F5A0E1769AEFA00E81980 /* LeaderboardViewController.m */ = {isa = PBXFileReference; fileEncoding = 4; lastKnownFileType = sourcecode.c.objc; path = LeaderboardViewController.m; sourceTree = "<group>"; };
		4D4F5A121769B06200E81980 /* BattleTableView.h */ = {isa = PBXFileReference; fileEncoding = 4; lastKnownFileType = sourcecode.c.h; path = BattleTableView.h; sourceTree = "<group>"; };
		4D4F5A131769B06200E81980 /* BattleTableView.m */ = {isa = PBXFileReference; fileEncoding = 4; lastKnownFileType = sourcecode.c.objc; path = BattleTableView.m; sourceTree = "<group>"; };
		4D4F5A151769B0AE00E81980 /* BattleViewController.h */ = {isa = PBXFileReference; fileEncoding = 4; lastKnownFileType = sourcecode.c.h; path = BattleViewController.h; sourceTree = "<group>"; };
		4D4F5A161769B0AE00E81980 /* BattleViewController.m */ = {isa = PBXFileReference; fileEncoding = 4; lastKnownFileType = sourcecode.c.objc; path = BattleViewController.m; sourceTree = "<group>"; };
		4D4F5A1A1769B2EE00E81980 /* ItemsNavigationController.h */ = {isa = PBXFileReference; fileEncoding = 4; lastKnownFileType = sourcecode.c.h; name = ItemsNavigationController.h; path = PetsAlliance/Items/ItemsNavigationController.h; sourceTree = SOURCE_ROOT; };
		4D4F5A1B1769B2EE00E81980 /* ItemsNavigationController.m */ = {isa = PBXFileReference; fileEncoding = 4; lastKnownFileType = sourcecode.c.objc; name = ItemsNavigationController.m; path = PetsAlliance/Items/ItemsNavigationController.m; sourceTree = SOURCE_ROOT; };
		4D4F5A201769B41500E81980 /* ItemsViewController.h */ = {isa = PBXFileReference; fileEncoding = 4; lastKnownFileType = sourcecode.c.h; name = ItemsViewController.h; path = PetsAlliance/Items/ItemsViewController.h; sourceTree = SOURCE_ROOT; };
		4D4F5A211769B41500E81980 /* ItemsViewController.m */ = {isa = PBXFileReference; fileEncoding = 4; lastKnownFileType = sourcecode.c.objc; name = ItemsViewController.m; path = PetsAlliance/Items/ItemsViewController.m; sourceTree = SOURCE_ROOT; };
		4D4F5A251769B43200E81980 /* ItemsTableView.h */ = {isa = PBXFileReference; fileEncoding = 4; lastKnownFileType = sourcecode.c.h; name = ItemsTableView.h; path = PetsAlliance/Items/ItemsTableView.h; sourceTree = SOURCE_ROOT; };
		4D4F5A261769B43200E81980 /* ItemsTableView.m */ = {isa = PBXFileReference; fileEncoding = 4; lastKnownFileType = sourcecode.c.objc; name = ItemsTableView.m; path = PetsAlliance/Items/ItemsTableView.m; sourceTree = SOURCE_ROOT; };
		4D4F5A281769B44E00E81980 /* ItemsNavigationScrollView.h */ = {isa = PBXFileReference; fileEncoding = 4; lastKnownFileType = sourcecode.c.h; name = ItemsNavigationScrollView.h; path = PetsAlliance/Items/ItemsNavigationScrollView.h; sourceTree = SOURCE_ROOT; };
		4D4F5A291769B44E00E81980 /* ItemsNavigationScrollView.m */ = {isa = PBXFileReference; fileEncoding = 4; lastKnownFileType = sourcecode.c.objc; name = ItemsNavigationScrollView.m; path = PetsAlliance/Items/ItemsNavigationScrollView.m; sourceTree = SOURCE_ROOT; };
		4D9402021766E51D00898DCF /* PetsAlliance.app */ = {isa = PBXFileReference; explicitFileType = wrapper.application; includeInIndex = 0; path = PetsAlliance.app; sourceTree = BUILT_PRODUCTS_DIR; };
		4D9402051766E51D00898DCF /* UIKit.framework */ = {isa = PBXFileReference; lastKnownFileType = wrapper.framework; name = UIKit.framework; path = System/Library/Frameworks/UIKit.framework; sourceTree = SDKROOT; };
		4D9402071766E51D00898DCF /* Foundation.framework */ = {isa = PBXFileReference; lastKnownFileType = wrapper.framework; name = Foundation.framework; path = System/Library/Frameworks/Foundation.framework; sourceTree = SDKROOT; };
		4D9402091766E51D00898DCF /* CoreGraphics.framework */ = {isa = PBXFileReference; lastKnownFileType = wrapper.framework; name = CoreGraphics.framework; path = System/Library/Frameworks/CoreGraphics.framework; sourceTree = SDKROOT; };
		4D94020D1766E51D00898DCF /* PetsAlliance-Info.plist */ = {isa = PBXFileReference; lastKnownFileType = text.plist.xml; path = "PetsAlliance-Info.plist"; sourceTree = "<group>"; };
		4D94020F1766E51D00898DCF /* en */ = {isa = PBXFileReference; lastKnownFileType = text.plist.strings; name = en; path = en.lproj/InfoPlist.strings; sourceTree = "<group>"; };
		4D9402111766E51D00898DCF /* main.m */ = {isa = PBXFileReference; lastKnownFileType = sourcecode.c.objc; path = main.m; sourceTree = "<group>"; };
		4D9402131766E51D00898DCF /* PetsAlliance-Prefix.pch */ = {isa = PBXFileReference; lastKnownFileType = sourcecode.c.h; path = "PetsAlliance-Prefix.pch"; sourceTree = "<group>"; };
		4D9402141766E51D00898DCF /* AppDelegate.h */ = {isa = PBXFileReference; lastKnownFileType = sourcecode.c.h; path = AppDelegate.h; sourceTree = "<group>"; };
		4D9402151766E51D00898DCF /* AppDelegate.m */ = {isa = PBXFileReference; lastKnownFileType = sourcecode.c.objc; path = AppDelegate.m; sourceTree = "<group>"; };
		4D9402171766E51D00898DCF /* Default.png */ = {isa = PBXFileReference; lastKnownFileType = image.png; path = Default.png; sourceTree = "<group>"; };
		4D9402191766E51D00898DCF /* Default@2x.png */ = {isa = PBXFileReference; lastKnownFileType = image.png; path = "Default@2x.png"; sourceTree = "<group>"; };
		4D94021B1766E51D00898DCF /* Default-568h@2x.png */ = {isa = PBXFileReference; lastKnownFileType = image.png; path = "Default-568h@2x.png"; sourceTree = "<group>"; };
		4D9402201766E51D00898DCF /* first.png */ = {isa = PBXFileReference; lastKnownFileType = image.png; path = first.png; sourceTree = "<group>"; };
		4D9402221766E51D00898DCF /* first@2x.png */ = {isa = PBXFileReference; lastKnownFileType = image.png; path = "first@2x.png"; sourceTree = "<group>"; };
		4D9402271766E51D00898DCF /* second.png */ = {isa = PBXFileReference; lastKnownFileType = image.png; path = second.png; sourceTree = "<group>"; };
		4D9402291766E51D00898DCF /* second@2x.png */ = {isa = PBXFileReference; lastKnownFileType = image.png; path = "second@2x.png"; sourceTree = "<group>"; };
		4D9402361766E51D00898DCF /* PetsAllianceTests.octest */ = {isa = PBXFileReference; explicitFileType = wrapper.cfbundle; includeInIndex = 0; path = PetsAllianceTests.octest; sourceTree = BUILT_PRODUCTS_DIR; };
		4D9402371766E51D00898DCF /* SenTestingKit.framework */ = {isa = PBXFileReference; lastKnownFileType = wrapper.framework; name = SenTestingKit.framework; path = Library/Frameworks/SenTestingKit.framework; sourceTree = DEVELOPER_DIR; };
		4D94023F1766E51D00898DCF /* PetsAllianceTests-Info.plist */ = {isa = PBXFileReference; lastKnownFileType = text.plist.xml; path = "PetsAllianceTests-Info.plist"; sourceTree = "<group>"; };
		4D9402411766E51D00898DCF /* en */ = {isa = PBXFileReference; lastKnownFileType = text.plist.strings; name = en; path = en.lproj/InfoPlist.strings; sourceTree = "<group>"; };
		4D9402431766E51D00898DCF /* PetsAllianceTests.h */ = {isa = PBXFileReference; lastKnownFileType = sourcecode.c.h; path = PetsAllianceTests.h; sourceTree = "<group>"; };
		4D9402441766E51D00898DCF /* PetsAllianceTests.m */ = {isa = PBXFileReference; lastKnownFileType = sourcecode.c.objc; path = PetsAllianceTests.m; sourceTree = "<group>"; };
		4D9402581766E63400898DCF /* MyPetViewController.h */ = {isa = PBXFileReference; fileEncoding = 4; lastKnownFileType = sourcecode.c.h; path = MyPetViewController.h; sourceTree = "<group>"; };
		4D9402591766E63400898DCF /* MyPetViewController.m */ = {isa = PBXFileReference; fileEncoding = 4; lastKnownFileType = sourcecode.c.objc; path = MyPetViewController.m; sourceTree = "<group>"; };
		4D9402631766E88B00898DCF /* TheMasterViewController.h */ = {isa = PBXFileReference; fileEncoding = 4; lastKnownFileType = sourcecode.c.h; path = TheMasterViewController.h; sourceTree = "<group>"; };
		4D9402641766E88B00898DCF /* TheMasterViewController.m */ = {isa = PBXFileReference; fileEncoding = 4; lastKnownFileType = sourcecode.c.objc; path = TheMasterViewController.m; sourceTree = "<group>"; };
		4D9402681766E89800898DCF /* NavigatorViewController.h */ = {isa = PBXFileReference; fileEncoding = 4; lastKnownFileType = sourcecode.c.h; path = NavigatorViewController.h; sourceTree = "<group>"; };
		4D9402691766E89800898DCF /* NavigatorViewController.m */ = {isa = PBXFileReference; fileEncoding = 4; lastKnownFileType = sourcecode.c.objc; path = NavigatorViewController.m; sourceTree = "<group>"; };
		4DFD49361767142300EEAFA7 /* MyPetNavigationController.h */ = {isa = PBXFileReference; fileEncoding = 4; lastKnownFileType = sourcecode.c.h; path = MyPetNavigationController.h; sourceTree = "<group>"; };
		4DFD49371767142300EEAFA7 /* MyPetNavigationController.m */ = {isa = PBXFileReference; fileEncoding = 4; lastKnownFileType = sourcecode.c.objc; path = MyPetNavigationController.m; sourceTree = "<group>"; };
		4DFD493B1767144000EEAFA7 /* HelpNavigationController.h */ = {isa = PBXFileReference; fileEncoding = 4; lastKnownFileType = sourcecode.c.h; path = HelpNavigationController.h; sourceTree = "<group>"; };
		4DFD493C1767144000EEAFA7 /* HelpNavigationController.m */ = {isa = PBXFileReference; fileEncoding = 4; lastKnownFileType = sourcecode.c.objc; path = HelpNavigationController.m; sourceTree = "<group>"; };
		4DFD49401767144E00EEAFA7 /* HelpViewController.h */ = {isa = PBXFileReference; fileEncoding = 4; lastKnownFileType = sourcecode.c.h; path = HelpViewController.h; sourceTree = "<group>"; };
		4DFD49411767144E00EEAFA7 /* HelpViewController.m */ = {isa = PBXFileReference; fileEncoding = 4; lastKnownFileType = sourcecode.c.objc; path = HelpViewController.m; sourceTree = "<group>"; };
		E48D5C73D21F4318BA08DD1F /* libPods.a */ = {isa = PBXFileReference; explicitFileType = archive.ar; includeInIndex = 0; path = libPods.a; sourceTree = BUILT_PRODUCTS_DIR; };
/* End PBXFileReference section */

/* Begin PBXFrameworksBuildPhase section */
		4D9401FF1766E51D00898DCF /* Frameworks */ = {
			isa = PBXFrameworksBuildPhase;
			buildActionMask = 2147483647;
			files = (
				4D9402061766E51D00898DCF /* UIKit.framework in Frameworks */,
				4D9402081766E51D00898DCF /* Foundation.framework in Frameworks */,
				4D94020A1766E51D00898DCF /* CoreGraphics.framework in Frameworks */,
				F713AD5B92C5487781B1D33C /* libPods.a in Frameworks */,
			);
			runOnlyForDeploymentPostprocessing = 0;
		};
		4D9402321766E51D00898DCF /* Frameworks */ = {
			isa = PBXFrameworksBuildPhase;
			buildActionMask = 2147483647;
			files = (
				4D9402381766E51D00898DCF /* SenTestingKit.framework in Frameworks */,
				4D9402391766E51D00898DCF /* UIKit.framework in Frameworks */,
				4D94023A1766E51D00898DCF /* Foundation.framework in Frameworks */,
			);
			runOnlyForDeploymentPostprocessing = 0;
		};
/* End PBXFrameworksBuildPhase section */

/* Begin PBXGroup section */
		4D4F59DB176830BE00E81980 /* Help */ = {
			isa = PBXGroup;
			children = (
				4DFD493B1767144000EEAFA7 /* HelpNavigationController.h */,
				4DFD493C1767144000EEAFA7 /* HelpNavigationController.m */,
				4DFD49401767144E00EEAFA7 /* HelpViewController.h */,
				4DFD49411767144E00EEAFA7 /* HelpViewController.m */,
			);
			name = Help;
			sourceTree = "<group>";
		};
		4D4F59E61768310100E81980 /* SwitchPets */ = {
			isa = PBXGroup;
			children = (
				4D4F59DC176830E400E81980 /* SwitchPetsNavigationController.h */,
				4D4F59DD176830E400E81980 /* SwitchPetsNavigationController.m */,
				4D4F59E1176830F900E81980 /* SwitchPetsViewController.h */,
				4D4F59E2176830F900E81980 /* SwitchPetsViewController.m */,
			);
			name = SwitchPets;
			sourceTree = "<group>";
		};
		4D4F5A0C1769AECA00E81980 /* Leaderboard */ = {
			isa = PBXGroup;
			children = (
				4D4F5A0D1769AEFA00E81980 /* LeaderboardViewController.h */,
				4D4F5A0E1769AEFA00E81980 /* LeaderboardViewController.m */,
				4D4F5A071769AEC000E81980 /* LeaderboardNavigationController.h */,
				4D4F5A081769AEC000E81980 /* LeaderboardNavigationController.m */,
			);
			name = Leaderboard;
			sourceTree = "<group>";
		};
		4D4F5A1F1769B2F400E81980 /* Items */ = {
			isa = PBXGroup;
			children = (
				4D4F5A201769B41500E81980 /* ItemsViewController.h */,
				4D4F5A211769B41500E81980 /* ItemsViewController.m */,
				4D4F5A251769B43200E81980 /* ItemsTableView.h */,
				4D4F5A261769B43200E81980 /* ItemsTableView.m */,
				4D4F5A281769B44E00E81980 /* ItemsNavigationScrollView.h */,
				4D4F5A291769B44E00E81980 /* ItemsNavigationScrollView.m */,
				4D4F5A1A1769B2EE00E81980 /* ItemsNavigationController.h */,
				4D4F5A1B1769B2EE00E81980 /* ItemsNavigationController.m */,
			);
			name = Items;
			path = MyPet;
			sourceTree = "<group>";
		};
		4D9401F91766E51D00898DCF = {
			isa = PBXGroup;
			children = (
				4D94020B1766E51D00898DCF /* PetsAlliance */,
				4D94025D1766E6CD00898DCF /* Resources */,
				4D94023D1766E51D00898DCF /* PetsAllianceTests */,
				4D9402041766E51D00898DCF /* Frameworks */,
				4D9402031766E51D00898DCF /* Products */,
				2B13AD4A5B084F8897E72219 /* Pods.xcconfig */,
			);
			sourceTree = "<group>";
		};
		4D9402031766E51D00898DCF /* Products */ = {
			isa = PBXGroup;
			children = (
				4D9402021766E51D00898DCF /* PetsAlliance.app */,
				4D9402361766E51D00898DCF /* PetsAllianceTests.octest */,
			);
			name = Products;
			sourceTree = "<group>";
		};
		4D9402041766E51D00898DCF /* Frameworks */ = {
			isa = PBXGroup;
			children = (
				4D9402051766E51D00898DCF /* UIKit.framework */,
				4D9402071766E51D00898DCF /* Foundation.framework */,
				4D9402091766E51D00898DCF /* CoreGraphics.framework */,
				4D9402371766E51D00898DCF /* SenTestingKit.framework */,
				E48D5C73D21F4318BA08DD1F /* libPods.a */,
			);
			name = Frameworks;
			sourceTree = "<group>";
		};
		4D94020B1766E51D00898DCF /* PetsAlliance */ = {
			isa = PBXGroup;
			children = (
				4D9402521766E5C100898DCF /* MyPet */,
				4D4F5A1F1769B2F400E81980 /* Items */,
				4D9402511766E5C100898DCF /* Training */,
				4D9402501766E5C100898DCF /* Battle */,
				4D94024F1766E5C100898DCF /* TheMaster */,
				4D94024E1766E5C100898DCF /* Navigator */,
				4D9402141766E51D00898DCF /* AppDelegate.h */,
				4D9402151766E51D00898DCF /* AppDelegate.m */,
				4D94020C1766E51D00898DCF /* Supporting Files */,
			);
			path = PetsAlliance;
			sourceTree = "<group>";
		};
		4D94020C1766E51D00898DCF /* Supporting Files */ = {
			isa = PBXGroup;
			children = (
				4D94020D1766E51D00898DCF /* PetsAlliance-Info.plist */,
				4D94020E1766E51D00898DCF /* InfoPlist.strings */,
				4D9402111766E51D00898DCF /* main.m */,
				4D9402131766E51D00898DCF /* PetsAlliance-Prefix.pch */,
				4D9402171766E51D00898DCF /* Default.png */,
				4D9402191766E51D00898DCF /* Default@2x.png */,
				4D94021B1766E51D00898DCF /* Default-568h@2x.png */,
			);
			name = "Supporting Files";
			sourceTree = "<group>";
		};
		4D94023D1766E51D00898DCF /* PetsAllianceTests */ = {
			isa = PBXGroup;
			children = (
				4D9402431766E51D00898DCF /* PetsAllianceTests.h */,
				4D9402441766E51D00898DCF /* PetsAllianceTests.m */,
				4D94023E1766E51D00898DCF /* Supporting Files */,
			);
			path = PetsAllianceTests;
			sourceTree = "<group>";
		};
		4D94023E1766E51D00898DCF /* Supporting Files */ = {
			isa = PBXGroup;
			children = (
				4D94023F1766E51D00898DCF /* PetsAllianceTests-Info.plist */,
				4D9402401766E51D00898DCF /* InfoPlist.strings */,
			);
			name = "Supporting Files";
			sourceTree = "<group>";
		};
		4D94024E1766E5C100898DCF /* Navigator */ = {
			isa = PBXGroup;
			children = (
				4D9402681766E89800898DCF /* NavigatorViewController.h */,
				4D9402691766E89800898DCF /* NavigatorViewController.m */,
			);
			path = Navigator;
			sourceTree = "<group>";
		};
		4D94024F1766E5C100898DCF /* TheMaster */ = {
			isa = PBXGroup;
			children = (
				4D9402631766E88B00898DCF /* TheMasterViewController.h */,
				4D9402641766E88B00898DCF /* TheMasterViewController.m */,
			);
			path = TheMaster;
			sourceTree = "<group>";
		};
		4D9402501766E5C100898DCF /* Battle */ = {
			isa = PBXGroup;
			children = (
				4D4F5A151769B0AE00E81980 /* BattleViewController.h */,
				4D4F5A161769B0AE00E81980 /* BattleViewController.m */,
				4D4F5A121769B06200E81980 /* BattleTableView.h */,
				4D4F5A131769B06200E81980 /* BattleTableView.m */,
				4D4F5A021769AD8A00E81980 /* BattleNavigationController.h */,
				4D4F5A031769AD8A00E81980 /* BattleNavigationController.m */,
				4D4F5A0C1769AECA00E81980 /* Leaderboard */,
			);
			path = Battle;
			sourceTree = "<group>";
		};
		4D9402511766E5C100898DCF /* Training */ = {
			isa = PBXGroup;
			children = (
				4D4F59EF1768555E00E81980 /* TrainingViewController.h */,
				4D4F59F01768555E00E81980 /* TrainingViewController.m */,
				4D4F59EA1768547700E81980 /* TrainingNavigationController.h */,
				4D4F59EB1768547700E81980 /* TrainingNavigationController.m */,
				4D4F59F41768559C00E81980 /* TrainingTableView.h */,
				4D4F59F51768559C00E81980 /* TrainingTableView.m */,
			);
			path = Training;
			sourceTree = "<group>";
		};
		4D9402521766E5C100898DCF /* MyPet */ = {
			isa = PBXGroup;
			children = (
				4D9402581766E63400898DCF /* MyPetViewController.h */,
				4D9402591766E63400898DCF /* MyPetViewController.m */,
				4DFD49361767142300EEAFA7 /* MyPetNavigationController.h */,
				4DFD49371767142300EEAFA7 /* MyPetNavigationController.m */,
				4D4F59E71768348F00E81980 /* PetStatusView.h */,
				4D4F59E81768348F00E81980 /* PetStatusView.m */,
				4D4F59F717685D5700E81980 /* StatusLabel.h */,
				4D4F59F817685D5700E81980 /* StatusLabel.m */,
				4D4F59DB176830BE00E81980 /* Help */,
				4D4F59E61768310100E81980 /* SwitchPets */,
			);
			path = MyPet;
			sourceTree = "<group>";
		};
		4D94025D1766E6CD00898DCF /* Resources */ = {
			isa = PBXGroup;
			children = (
				4D4F59FE176973E000E81980 /* cat.png */,
				4D4F59FF176973E000E81980 /* dragon.png */,
				4D9402201766E51D00898DCF /* first.png */,
				4D9402221766E51D00898DCF /* first@2x.png */,
				4D9402271766E51D00898DCF /* second.png */,
				4D9402291766E51D00898DCF /* second@2x.png */,
			);
			name = Resources;
			path = PetsAlliance;
			sourceTree = "<group>";
		};
/* End PBXGroup section */

/* Begin PBXNativeTarget section */
		4D9402011766E51D00898DCF /* PetsAlliance */ = {
			isa = PBXNativeTarget;
			buildConfigurationList = 4D9402481766E51D00898DCF /* Build configuration list for PBXNativeTarget "PetsAlliance" */;
			buildPhases = (
				527B056E2CEF4BC19AC445A8 /* Check Pods Manifest.lock */,
				4D9401FE1766E51D00898DCF /* Sources */,
				4D9401FF1766E51D00898DCF /* Frameworks */,
				4D9402001766E51D00898DCF /* Resources */,
				037D58E8324F4B8EB8248C9F /* Copy Pods Resources */,
			);
			buildRules = (
			);
			dependencies = (
			);
			name = PetsAlliance;
			productName = PetsAlliance;
			productReference = 4D9402021766E51D00898DCF /* PetsAlliance.app */;
			productType = "com.apple.product-type.application";
		};
		4D9402351766E51D00898DCF /* PetsAllianceTests */ = {
			isa = PBXNativeTarget;
			buildConfigurationList = 4D94024B1766E51D00898DCF /* Build configuration list for PBXNativeTarget "PetsAllianceTests" */;
			buildPhases = (
				4D9402311766E51D00898DCF /* Sources */,
				4D9402321766E51D00898DCF /* Frameworks */,
				4D9402331766E51D00898DCF /* Resources */,
				4D9402341766E51D00898DCF /* ShellScript */,
			);
			buildRules = (
			);
			dependencies = (
				4D94023C1766E51D00898DCF /* PBXTargetDependency */,
			);
			name = PetsAllianceTests;
			productName = PetsAllianceTests;
			productReference = 4D9402361766E51D00898DCF /* PetsAllianceTests.octest */;
			productType = "com.apple.product-type.bundle";
		};
/* End PBXNativeTarget section */

/* Begin PBXProject section */
		4D9401FA1766E51D00898DCF /* Project object */ = {
			isa = PBXProject;
			attributes = {
				LastUpgradeCheck = 0460;
				ORGANIZATIONNAME = "Mark Miyashita";
			};
			buildConfigurationList = 4D9401FD1766E51D00898DCF /* Build configuration list for PBXProject "PetsAlliance" */;
			compatibilityVersion = "Xcode 3.2";
			developmentRegion = English;
			hasScannedForEncodings = 0;
			knownRegions = (
				en,
			);
			mainGroup = 4D9401F91766E51D00898DCF;
			productRefGroup = 4D9402031766E51D00898DCF /* Products */;
			projectDirPath = "";
			projectRoot = "";
			targets = (
				4D9402011766E51D00898DCF /* PetsAlliance */,
				4D9402351766E51D00898DCF /* PetsAllianceTests */,
			);
		};
/* End PBXProject section */

/* Begin PBXResourcesBuildPhase section */
		4D9402001766E51D00898DCF /* Resources */ = {
			isa = PBXResourcesBuildPhase;
			buildActionMask = 2147483647;
			files = (
				4D9402101766E51D00898DCF /* InfoPlist.strings in Resources */,
				4D9402181766E51D00898DCF /* Default.png in Resources */,
				4D94021A1766E51D00898DCF /* Default@2x.png in Resources */,
				4D94021C1766E51D00898DCF /* Default-568h@2x.png in Resources */,
				4D9402211766E51D00898DCF /* first.png in Resources */,
				4D9402231766E51D00898DCF /* first@2x.png in Resources */,
				4D9402281766E51D00898DCF /* second.png in Resources */,
				4D94022A1766E51D00898DCF /* second@2x.png in Resources */,
				4D4F5A00176973E000E81980 /* cat.png in Resources */,
				4D4F5A01176973E000E81980 /* dragon.png in Resources */,
			);
			runOnlyForDeploymentPostprocessing = 0;
		};
		4D9402331766E51D00898DCF /* Resources */ = {
			isa = PBXResourcesBuildPhase;
			buildActionMask = 2147483647;
			files = (
				4D9402421766E51D00898DCF /* InfoPlist.strings in Resources */,
			);
			runOnlyForDeploymentPostprocessing = 0;
		};
/* End PBXResourcesBuildPhase section */

/* Begin PBXShellScriptBuildPhase section */
		037D58E8324F4B8EB8248C9F /* Copy Pods Resources */ = {
			isa = PBXShellScriptBuildPhase;
			buildActionMask = 2147483647;
			files = (
			);
			inputPaths = (
			);
			name = "Copy Pods Resources";
			outputPaths = (
			);
			runOnlyForDeploymentPostprocessing = 0;
			shellPath = /bin/sh;
			shellScript = "\"${SRCROOT}/Pods/Pods-resources.sh\"\n";
		};
		4D9402341766E51D00898DCF /* ShellScript */ = {
			isa = PBXShellScriptBuildPhase;
			buildActionMask = 2147483647;
			files = (
			);
			inputPaths = (
			);
			outputPaths = (
			);
			runOnlyForDeploymentPostprocessing = 0;
			shellPath = /bin/sh;
			shellScript = "# Run the unit tests in this test bundle.\n\"${SYSTEM_DEVELOPER_DIR}/Tools/RunUnitTests\"\n";
		};
		527B056E2CEF4BC19AC445A8 /* Check Pods Manifest.lock */ = {
			isa = PBXShellScriptBuildPhase;
			buildActionMask = 2147483647;
			files = (
			);
			inputPaths = (
			);
			name = "Check Pods Manifest.lock";
			outputPaths = (
			);
			runOnlyForDeploymentPostprocessing = 0;
			shellPath = /bin/sh;
			shellScript = "diff \"${PODS_ROOT}/../Podfile.lock\" \"${PODS_ROOT}/Manifest.lock\" > /dev/null\nif [[ $? != 0 ]] ; then\n    cat << EOM\nerror: The sandbox is not in sync with the Podfile.lock. Run 'pod install' or update your CocoaPods installation.\nEOM\n    exit 1\nfi\n";
		};
/* End PBXShellScriptBuildPhase section */

/* Begin PBXSourcesBuildPhase section */
		4D9401FE1766E51D00898DCF /* Sources */ = {
			isa = PBXSourcesBuildPhase;
			buildActionMask = 2147483647;
			files = (
				4D9402121766E51D00898DCF /* main.m in Sources */,
				4D9402161766E51D00898DCF /* AppDelegate.m in Sources */,
				4D94025B1766E63400898DCF /* MyPetViewController.m in Sources */,
				4D9402661766E88B00898DCF /* TheMasterViewController.m in Sources */,
				4D94026B1766E89800898DCF /* NavigatorViewController.m in Sources */,
				4DFD49391767142300EEAFA7 /* MyPetNavigationController.m in Sources */,
				4DFD493E1767144000EEAFA7 /* HelpNavigationController.m in Sources */,
				4DFD49431767144F00EEAFA7 /* HelpViewController.m in Sources */,
				4D4F59DF176830E400E81980 /* SwitchPetsNavigationController.m in Sources */,
				4D4F59E4176830F900E81980 /* SwitchPetsViewController.m in Sources */,
				4D4F59E91768348F00E81980 /* PetStatusView.m in Sources */,
				4D4F59ED1768547700E81980 /* TrainingNavigationController.m in Sources */,
				4D4F59F21768555E00E81980 /* TrainingViewController.m in Sources */,
				4D4F59F61768559C00E81980 /* TrainingTableView.m in Sources */,
				4D4F59F917685D5700E81980 /* StatusLabel.m in Sources */,
				4D4F5A051769AD8A00E81980 /* BattleNavigationController.m in Sources */,
				4D4F5A0A1769AEC000E81980 /* LeaderboardNavigationController.m in Sources */,
				4D4F5A101769AEFA00E81980 /* LeaderboardViewController.m in Sources */,
				4D4F5A141769B06200E81980 /* BattleTableView.m in Sources */,
				4D4F5A181769B0AF00E81980 /* BattleViewController.m in Sources */,
				4D4F5A1D1769B2EE00E81980 /* ItemsNavigationController.m in Sources */,
				4D4F5A231769B41500E81980 /* ItemsViewController.m in Sources */,
				4D4F5A271769B43200E81980 /* ItemsTableView.m in Sources */,
				4D4F5A2A1769B44E00E81980 /* ItemsNavigationScrollView.m in Sources */,
			);
			runOnlyForDeploymentPostprocessing = 0;
		};
		4D9402311766E51D00898DCF /* Sources */ = {
			isa = PBXSourcesBuildPhase;
			buildActionMask = 2147483647;
			files = (
				4D9402451766E51D00898DCF /* PetsAllianceTests.m in Sources */,
			);
			runOnlyForDeploymentPostprocessing = 0;
		};
/* End PBXSourcesBuildPhase section */

/* Begin PBXTargetDependency section */
		4D94023C1766E51D00898DCF /* PBXTargetDependency */ = {
			isa = PBXTargetDependency;
			target = 4D9402011766E51D00898DCF /* PetsAlliance */;
			targetProxy = 4D94023B1766E51D00898DCF /* PBXContainerItemProxy */;
		};
/* End PBXTargetDependency section */

/* Begin PBXVariantGroup section */
		4D94020E1766E51D00898DCF /* InfoPlist.strings */ = {
			isa = PBXVariantGroup;
			children = (
				4D94020F1766E51D00898DCF /* en */,
			);
			name = InfoPlist.strings;
			sourceTree = "<group>";
		};
		4D9402401766E51D00898DCF /* InfoPlist.strings */ = {
			isa = PBXVariantGroup;
			children = (
				4D9402411766E51D00898DCF /* en */,
			);
			name = InfoPlist.strings;
			sourceTree = "<group>";
		};
/* End PBXVariantGroup section */

/* Begin XCBuildConfiguration section */
		4D9402461766E51D00898DCF /* Debug */ = {
			isa = XCBuildConfiguration;
			buildSettings = {
				ALWAYS_SEARCH_USER_PATHS = NO;
				CLANG_CXX_LANGUAGE_STANDARD = "gnu++0x";
				CLANG_CXX_LIBRARY = "libc++";
				CLANG_ENABLE_OBJC_ARC = YES;
				CLANG_WARN_CONSTANT_CONVERSION = YES;
				CLANG_WARN_EMPTY_BODY = YES;
				CLANG_WARN_ENUM_CONVERSION = YES;
				CLANG_WARN_INT_CONVERSION = YES;
				CLANG_WARN__DUPLICATE_METHOD_MATCH = YES;
				"CODE_SIGN_IDENTITY[sdk=iphoneos*]" = "iPhone Developer";
				COPY_PHASE_STRIP = NO;
				GCC_C_LANGUAGE_STANDARD = gnu99;
				GCC_DYNAMIC_NO_PIC = NO;
				GCC_OPTIMIZATION_LEVEL = 0;
				GCC_PREPROCESSOR_DEFINITIONS = (
					"DEBUG=1",
					"$(inherited)",
				);
				GCC_SYMBOLS_PRIVATE_EXTERN = NO;
				GCC_WARN_ABOUT_RETURN_TYPE = YES;
				GCC_WARN_UNINITIALIZED_AUTOS = YES;
				GCC_WARN_UNUSED_VARIABLE = YES;
				IPHONEOS_DEPLOYMENT_TARGET = 6.1;
				ONLY_ACTIVE_ARCH = YES;
				SDKROOT = iphoneos;
			};
			name = Debug;
		};
		4D9402471766E51D00898DCF /* Release */ = {
			isa = XCBuildConfiguration;
			buildSettings = {
				ALWAYS_SEARCH_USER_PATHS = NO;
				CLANG_CXX_LANGUAGE_STANDARD = "gnu++0x";
				CLANG_CXX_LIBRARY = "libc++";
				CLANG_ENABLE_OBJC_ARC = YES;
				CLANG_WARN_CONSTANT_CONVERSION = YES;
				CLANG_WARN_EMPTY_BODY = YES;
				CLANG_WARN_ENUM_CONVERSION = YES;
				CLANG_WARN_INT_CONVERSION = YES;
				CLANG_WARN__DUPLICATE_METHOD_MATCH = YES;
				"CODE_SIGN_IDENTITY[sdk=iphoneos*]" = "iPhone Developer";
				COPY_PHASE_STRIP = YES;
				GCC_C_LANGUAGE_STANDARD = gnu99;
				GCC_WARN_ABOUT_RETURN_TYPE = YES;
				GCC_WARN_UNINITIALIZED_AUTOS = YES;
				GCC_WARN_UNUSED_VARIABLE = YES;
				IPHONEOS_DEPLOYMENT_TARGET = 6.1;
				OTHER_CFLAGS = "-DNS_BLOCK_ASSERTIONS=1";
				SDKROOT = iphoneos;
				VALIDATE_PRODUCT = YES;
			};
			name = Release;
		};
		4D9402491766E51D00898DCF /* Debug */ = {
			isa = XCBuildConfiguration;
			baseConfigurationReference = 2B13AD4A5B084F8897E72219 /* Pods.xcconfig */;
			buildSettings = {
				GCC_PRECOMPILE_PREFIX_HEADER = YES;
				GCC_PREFIX_HEADER = "PetsAlliance/PetsAlliance-Prefix.pch";
				INFOPLIST_FILE = "PetsAlliance/PetsAlliance-Info.plist";
				PRODUCT_NAME = "$(TARGET_NAME)";
				WRAPPER_EXTENSION = app;
			};
			name = Debug;
		};
		4D94024A1766E51D00898DCF /* Release */ = {
			isa = XCBuildConfiguration;
			baseConfigurationReference = 2B13AD4A5B084F8897E72219 /* Pods.xcconfig */;
			buildSettings = {
				GCC_PRECOMPILE_PREFIX_HEADER = YES;
				GCC_PREFIX_HEADER = "PetsAlliance/PetsAlliance-Prefix.pch";
				INFOPLIST_FILE = "PetsAlliance/PetsAlliance-Info.plist";
				PRODUCT_NAME = "$(TARGET_NAME)";
				WRAPPER_EXTENSION = app;
			};
			name = Release;
		};
		4D94024C1766E51D00898DCF /* Debug */ = {
			isa = XCBuildConfiguration;
			buildSettings = {
				BUNDLE_LOADER = "$(BUILT_PRODUCTS_DIR)/PetsAlliance.app/PetsAlliance";
				FRAMEWORK_SEARCH_PATHS = (
					"\"$(SDKROOT)/Developer/Library/Frameworks\"",
					"\"$(DEVELOPER_LIBRARY_DIR)/Frameworks\"",
				);
				GCC_PRECOMPILE_PREFIX_HEADER = YES;
				GCC_PREFIX_HEADER = "PetsAlliance/PetsAlliance-Prefix.pch";
				INFOPLIST_FILE = "PetsAllianceTests/PetsAllianceTests-Info.plist";
				PRODUCT_NAME = "$(TARGET_NAME)";
				TEST_HOST = "$(BUNDLE_LOADER)";
				WRAPPER_EXTENSION = octest;
			};
			name = Debug;
		};
		4D94024D1766E51D00898DCF /* Release */ = {
			isa = XCBuildConfiguration;
			buildSettings = {
				BUNDLE_LOADER = "$(BUILT_PRODUCTS_DIR)/PetsAlliance.app/PetsAlliance";
				FRAMEWORK_SEARCH_PATHS = (
					"\"$(SDKROOT)/Developer/Library/Frameworks\"",
					"\"$(DEVELOPER_LIBRARY_DIR)/Frameworks\"",
				);
				GCC_PRECOMPILE_PREFIX_HEADER = YES;
				GCC_PREFIX_HEADER = "PetsAlliance/PetsAlliance-Prefix.pch";
				INFOPLIST_FILE = "PetsAllianceTests/PetsAllianceTests-Info.plist";
				PRODUCT_NAME = "$(TARGET_NAME)";
				TEST_HOST = "$(BUNDLE_LOADER)";
				WRAPPER_EXTENSION = octest;
			};
			name = Release;
		};
/* End XCBuildConfiguration section */

/* Begin XCConfigurationList section */
		4D9401FD1766E51D00898DCF /* Build configuration list for PBXProject "PetsAlliance" */ = {
			isa = XCConfigurationList;
			buildConfigurations = (
				4D9402461766E51D00898DCF /* Debug */,
				4D9402471766E51D00898DCF /* Release */,
			);
			defaultConfigurationIsVisible = 0;
			defaultConfigurationName = Release;
		};
		4D9402481766E51D00898DCF /* Build configuration list for PBXNativeTarget "PetsAlliance" */ = {
			isa = XCConfigurationList;
			buildConfigurations = (
				4D9402491766E51D00898DCF /* Debug */,
				4D94024A1766E51D00898DCF /* Release */,
			);
			defaultConfigurationIsVisible = 0;
			defaultConfigurationName = Release;
		};
		4D94024B1766E51D00898DCF /* Build configuration list for PBXNativeTarget "PetsAllianceTests" */ = {
			isa = XCConfigurationList;
			buildConfigurations = (
				4D94024C1766E51D00898DCF /* Debug */,
				4D94024D1766E51D00898DCF /* Release */,
			);
			defaultConfigurationIsVisible = 0;
			defaultConfigurationName = Release;
		};
/* End XCConfigurationList section */
	};
	rootObject = 4D9401FA1766E51D00898DCF /* Project object */;
}
